
Microsoft Visual Studio Solution File, Format Version 12.00
# Visual Studio Version 17
VisualStudioVersion = 17.0.31903.59
MinimumVisualStudioVersion = 10.0.40219.1
Project("{2150E333-8FDC-42A3-9474-1A3956D46DE8}") = "src", "src", "{177C6DF3-8F64-48BD-829F-6676BA61BCD0}"
EndProject
Project("{FAE04EC0-301F-11D3-BF4B-00C04F79EFBC}") = "Application", "src\Application\Application.csproj", "{9672802A-48D1-46F3-B457-2ECA361AC315}"
EndProject
Project("{FAE04EC0-301F-11D3-BF4B-00C04F79EFBC}") = "Domain", "src\Domain\Domain.csproj", "{86CE4A2C-41BB-4EED-8F6A-D28670787E9B}"
EndProject
Project("{FAE04EC0-301F-11D3-BF4B-00C04F79EFBC}") = "Infrastructure", "src\Infrastructure\Infrastructure.csproj", "{8F4FF799-A1D1-42A3-BA39-E85162EEDBEE}"
EndProject
Project("{FAE04EC0-301F-11D3-BF4B-00C04F79EFBC}") = "WebApi", "src\WebApi\WebApi.csproj", "{E9EDC79E-D6C6-4233-8BBC-513D4525825B}"
EndProject
Global
	GlobalSection(SolutionConfigurationPlatforms) = preSolution
		Debug|Any CPU = Debug|Any CPU
		Release|Any CPU = Release|Any CPU
	EndGlobalSection
	GlobalSection(SolutionProperties) = preSolution
		HideSolutionNode = FALSE
	EndGlobalSection
	GlobalSection(ProjectConfigurationPlatforms) = postSolution
		{9672802A-48D1-46F3-B457-2ECA361AC315}.Debug|Any CPU.ActiveCfg = Debug|Any CPU
		{9672802A-48D1-46F3-B457-2ECA361AC315}.Debug|Any CPU.Build.0 = Debug|Any CPU
		{9672802A-48D1-46F3-B457-2ECA361AC315}.Release|Any CPU.ActiveCfg = Release|Any CPU
		{9672802A-48D1-46F3-B457-2ECA361AC315}.Release|Any CPU.Build.0 = Release|Any CPU
		{86CE4A2C-41BB-4EED-8F6A-D28670787E9B}.Debug|Any CPU.ActiveCfg = Debug|Any CPU
		{86CE4A2C-41BB-4EED-8F6A-D28670787E9B}.Debug|Any CPU.Build.0 = Debug|Any CPU
		{86CE4A2C-41BB-4EED-8F6A-D28670787E9B}.Release|Any CPU.ActiveCfg = Release|Any CPU
		{86CE4A2C-41BB-4EED-8F6A-D28670787E9B}.Release|Any CPU.Build.0 = Release|Any CPU
		{8F4FF799-A1D1-42A3-BA39-E85162EEDBEE}.Debug|Any CPU.ActiveCfg = Debug|Any CPU
		{8F4FF799-A1D1-42A3-BA39-E85162EEDBEE}.Debug|Any CPU.Build.0 = Debug|Any CPU
		{8F4FF799-A1D1-42A3-BA39-E85162EEDBEE}.Release|Any CPU.ActiveCfg = Release|Any CPU
		{8F4FF799-A1D1-42A3-BA39-E85162EEDBEE}.Release|Any CPU.Build.0 = Release|Any CPU
		{E9EDC79E-D6C6-4233-8BBC-513D4525825B}.Debug|Any CPU.ActiveCfg = Debug|Any CPU
		{E9EDC79E-D6C6-4233-8BBC-513D4525825B}.Debug|Any CPU.Build.0 = Debug|Any CPU
		{E9EDC79E-D6C6-4233-8BBC-513D4525825B}.Release|Any CPU.ActiveCfg = Release|Any CPU
		{E9EDC79E-D6C6-4233-8BBC-513D4525825B}.Release|Any CPU.Build.0 = Release|Any CPU
	EndGlobalSection
	GlobalSection(NestedProjects) = preSolution
		{9672802A-48D1-46F3-B457-2ECA361AC315} = {177C6DF3-8F64-48BD-829F-6676BA61BCD0}
		{86CE4A2C-41BB-4EED-8F6A-D28670787E9B} = {177C6DF3-8F64-48BD-829F-6676BA61BCD0}
		{8F4FF799-A1D1-42A3-BA39-E85162EEDBEE} = {177C6DF3-8F64-48BD-829F-6676BA61BCD0}
		{E9EDC79E-D6C6-4233-8BBC-513D4525825B} = {177C6DF3-8F64-48BD-829F-6676BA61BCD0}
	EndGlobalSection
EndGlobal
